
Microsoft Visual Studio Solution File, Format Version 12.00
# Visual Studio Version 17
VisualStudioVersion = 17.5.002.0
MinimumVisualStudioVersion = 10.0.40219.1
Project("{9A19103F-16F7-4668-BE54-9A1E7A4F7556}") = "FileDownloader7", "FileDownloader7.csproj", "{0B023D7F-BBE0-4DD8-AF99-D12D436DFCCF}"
EndProject
Global
	GlobalSection(SolutionConfigurationPlatforms) = preSolution
		Debug|Any CPU = Debug|Any CPU
		Release|Any CPU = Release|Any CPU
	EndGlobalSection
	GlobalSection(ProjectConfigurationPlatforms) = postSolution
		{0B023D7F-BBE0-4DD8-AF99-D12D436DFCCF}.Debug|Any CPU.ActiveCfg = Debug|Any CPU
		{0B023D7F-BBE0-4DD8-AF99-D12D436DFCCF}.Debug|Any CPU.Build.0 = Debug|Any CPU
		{0B023D7F-BBE0-4DD8-AF99-D12D436DFCCF}.Release|Any CPU.ActiveCfg = Release|Any CPU
		{0B023D7F-BBE0-4DD8-AF99-D12D436DFCCF}.Release|Any CPU.Build.0 = Release|Any CPU
	EndGlobalSection
	GlobalSection(SolutionProperties) = preSolution
		HideSolutionNode = FALSE
	EndGlobalSection
	GlobalSection(ExtensibilityGlobals) = postSolution
		SolutionGuid = {0E2B4F9B-6025-4DC4-9955-5E4F8FA4A8E4}
	EndGlobalSection
EndGlobal
