
Microsoft Visual Studio Solution File, Format Version 9.00
# Visual Studio 2005
Project("{FAE04EC0-301F-11D3-BF4B-00C04F79EFBC}") = "BufferedStream", "BufferedStream\BufferedStream.csproj", "{A398FEFE-228F-455E-BDFD-9D39DFA4A844}"
EndProject
Global
	GlobalSection(SolutionConfigurationPlatforms) = preSolution
		Debug|Any CPU = Debug|Any CPU
		Release|Any CPU = Release|Any CPU
	EndGlobalSection
	GlobalSection(ProjectConfigurationPlatforms) = postSolution
		{A398FEFE-228F-455E-BDFD-9D39DFA4A844}.Debug|Any CPU.ActiveCfg = Debug|Any CPU
		{A398FEFE-228F-455E-BDFD-9D39DFA4A844}.Debug|Any CPU.Build.0 = Debug|Any CPU
		{A398FEFE-228F-455E-BDFD-9D39DFA4A844}.Release|Any CPU.ActiveCfg = Release|Any CPU
		{A398FEFE-228F-455E-BDFD-9D39DFA4A844}.Release|Any CPU.Build.0 = Release|Any CPU
	EndGlobalSection
	GlobalSection(SolutionProperties) = preSolution
		HideSolutionNode = FALSE
	EndGlobalSection
EndGlobal
